[[package]]
category = "main"
description = "Low-level AMQP client for Python (fork of amqplib)."
name = "amqp"
optional = false
python-versions = ">=3.6"
version = "5.0.2"

[package.dependencies]
vine = "5.0.0"

[[package]]
category = "dev"
description = "Atomic file writes."
marker = "sys_platform == \"win32\""
name = "atomicwrites"
optional = false
python-versions = ">=2.7, !=3.0.*, !=3.1.*, !=3.2.*, !=3.3.*"
version = "1.4.0"

[[package]]
category = "dev"
description = "Classes Without Boilerplate"
name = "attrs"
optional = false
python-versions = ">=2.7, !=3.0.*, !=3.1.*, !=3.2.*, !=3.3.*"
version = "20.3.0"

[package.extras]
dev = ["coverage (>=5.0.2)", "hypothesis", "pympler", "pytest (>=4.3.0)", "six", "zope.interface", "furo", "sphinx", "pre-commit"]
docs = ["furo", "sphinx", "zope.interface"]
tests = ["coverage (>=5.0.2)", "hypothesis", "pympler", "pytest (>=4.3.0)", "six", "zope.interface"]
tests_no_zope = ["coverage (>=5.0.2)", "hypothesis", "pympler", "pytest (>=4.3.0)", "six"]

[[package]]
category = "main"
description = "Python multiprocessing fork with improvements and bugfixes"
name = "billiard"
optional = false
python-versions = "*"
version = "3.6.3.0"

[[package]]
category = "main"
description = "Distributed Task Queue."
name = "celery"
optional = false
python-versions = ">=3.6,"
version = "5.0.5"

[package.dependencies]
billiard = ">=3.6.3.0,<4.0"
click = ">=7.0,<8.0"
click-didyoumean = ">=0.0.3"
click-plugins = ">=1.1.1"
click-repl = ">=0.1.6"
kombu = ">=5.0.0,<6.0"
pytz = ">0.0-dev"
vine = ">=5.0.0,<6.0"

[package.dependencies.redis]
optional = true
version = ">=3.2.0"

[package.extras]
arangodb = ["pyArango (>=1.3.2)"]
auth = ["cryptography"]
azureblockblob = ["azure-storage (0.36.0)", "azure-common (1.1.5)", "azure-storage-common (1.1.0)"]
brotli = ["brotli (>=1.0.0)", "brotlipy (>=0.7.0)"]
cassandra = ["cassandra-driver (<3.21.0)"]
consul = ["python-consul"]
cosmosdbsql = ["pydocumentdb (2.3.2)"]
couchbase = ["couchbase (>=3.0.0)"]
couchdb = ["pycouchdb"]
django = ["Django (>=1.11)"]
dynamodb = ["boto3 (>=1.9.178)"]
elasticsearch = ["elasticsearch"]
eventlet = ["eventlet (>=0.26.1)"]
gevent = ["gevent (>=1.0.0)"]
librabbitmq = ["librabbitmq (>=1.5.0)"]
lzma = ["backports.lzma"]
memcache = ["pylibmc"]
mongodb = ["pymongo (>=3.3.0)"]
msgpack = ["msgpack"]
pymemcache = ["python-memcached"]
pyro = ["pyro4"]
pytest = ["pytest-celery"]
redis = ["redis (>=3.2.0)"]
s3 = ["boto3 (>=1.9.125)"]
slmq = ["softlayer-messaging (>=1.0.3)"]
solar = ["ephem"]
sqlalchemy = ["sqlalchemy"]
sqs = ["boto3 (>=1.9.125)", "pycurl (7.43.0.5)"]
tblib = ["tblib (>=1.3.0)", "tblib (>=1.5.0)"]
yaml = ["PyYAML (>=3.10)"]
zookeeper = ["kazoo (>=1.3.1)"]
zstd = ["zstandard"]

[[package]]
category = "main"
description = "Python package for providing Mozilla's CA Bundle."
name = "certifi"
optional = false
python-versions = "*"
version = "2020.12.5"

[[package]]
category = "main"
description = "Universal encoding detector for Python 2 and 3"
name = "chardet"
optional = false
python-versions = ">=2.7, !=3.0.*, !=3.1.*, !=3.2.*, !=3.3.*, !=3.4.*"
version = "4.0.0"

[[package]]
category = "main"
description = "Composable command line interface toolkit"
name = "click"
optional = false
python-versions = ">=2.7, !=3.0.*, !=3.1.*, !=3.2.*, !=3.3.*, !=3.4.*"
version = "7.1.2"

[[package]]
category = "main"
description = "Enable git-like did-you-mean feature in click."
name = "click-didyoumean"
optional = false
python-versions = "*"
version = "0.0.3"

[package.dependencies]
click = "*"

[[package]]
category = "main"
description = "An extension module for click to enable registering CLI commands via setuptools entry-points."
name = "click-plugins"
optional = false
python-versions = "*"
version = "1.1.1"

[package.dependencies]
click = ">=4.0"

[package.extras]
dev = ["pytest (>=3.6)", "pytest-cov", "wheel", "coveralls"]

[[package]]
category = "main"
description = "REPL plugin for Click"
name = "click-repl"
optional = false
python-versions = "*"
version = "0.1.6"

[package.dependencies]
click = "*"
prompt-toolkit = "*"
six = "*"

[[package]]
category = "dev"
description = "Cross-platform colored terminal text."
marker = "sys_platform == \"win32\""
name = "colorama"
optional = false
python-versions = ">=2.7, !=3.0.*, !=3.1.*, !=3.2.*, !=3.3.*, !=3.4.*"
version = "0.4.4"

[[package]]
category = "main"
description = "A simple framework for building complex web applications."
name = "flask"
optional = false
python-versions = ">=2.7, !=3.0.*, !=3.1.*, !=3.2.*, !=3.3.*, !=3.4.*"
version = "1.1.2"

[package.dependencies]
Jinja2 = ">=2.10.1"
Werkzeug = ">=0.15"
click = ">=5.1"
itsdangerous = ">=0.24"

[package.extras]
dev = ["pytest", "coverage", "tox", "sphinx", "pallets-sphinx-themes", "sphinxcontrib-log-cabinet", "sphinx-issues"]
docs = ["sphinx", "pallets-sphinx-themes", "sphinxcontrib-log-cabinet", "sphinx-issues"]
dotenv = ["python-dotenv"]

[[package]]
category = "dev"
description = "Lightweight in-process concurrent programming"
name = "greenlet"
optional = false
python-versions = "*"
version = "0.4.17"

[[package]]
category = "main"
description = "Internationalized Domain Names in Applications (IDNA)"
name = "idna"
optional = false
python-versions = ">=2.7, !=3.0.*, !=3.1.*, !=3.2.*, !=3.3.*"
version = "2.10"

[[package]]
category = "dev"
description = "iniconfig: brain-dead simple config-ini parsing"
name = "iniconfig"
optional = false
python-versions = "*"
version = "1.1.1"

[[package]]
category = "main"
description = "Various helpers to pass data to untrusted environments and back."
name = "itsdangerous"
optional = false
python-versions = ">=2.7, !=3.0.*, !=3.1.*, !=3.2.*, !=3.3.*"
version = "1.1.0"

[[package]]
category = "dev"
description = "An autocompletion tool for Python that can be used for text editors."
name = "jedi"
optional = false
python-versions = ">=2.7, !=3.0.*, !=3.1.*, !=3.2.*, !=3.3.*, !=3.4.*"
version = "0.17.2"

[package.dependencies]
parso = ">=0.7.0,<0.8.0"

[package.extras]
qa = ["flake8 (3.7.9)"]
testing = ["Django (<3.1)", "colorama", "docopt", "pytest (>=3.9.0,<5.0.0)"]

[[package]]
category = "main"
description = "A very fast and expressive template engine."
name = "jinja2"
optional = false
python-versions = ">=2.7, !=3.0.*, !=3.1.*, !=3.2.*, !=3.3.*, !=3.4.*"
version = "2.11.2"

[package.dependencies]
MarkupSafe = ">=0.23"

[package.extras]
i18n = ["Babel (>=0.8)"]

[[package]]
category = "main"
description = "Messaging library for Python."
name = "kombu"
optional = false
python-versions = ">=3.6"
version = "5.0.2"

[package.dependencies]
amqp = ">=5.0.0,<6.0.0"

[package.extras]
azureservicebus = ["azure-servicebus (>=0.21.1)"]
azurestoragequeues = ["azure-storage-queue"]
consul = ["python-consul (>=0.6.0)"]
librabbitmq = ["librabbitmq (>=1.5.2)"]
mongodb = ["pymongo (>=3.3.0)"]
msgpack = ["msgpack"]
pyro = ["pyro4"]
qpid = ["qpid-python (>=0.26)", "qpid-tools (>=0.26)"]
redis = ["redis (>=3.3.11)"]
slmq = ["softlayer-messaging (>=1.0.3)"]
sqlalchemy = ["sqlalchemy"]
sqs = ["boto3 (>=1.4.4)", "pycurl (7.43.0.2)"]
yaml = ["PyYAML (>=3.10)"]
zookeeper = ["kazoo (>=1.3.1)"]

[[package]]
category = "main"
description = "Safely add untrusted strings to HTML/XML markup."
name = "markupsafe"
optional = false
python-versions = ">=2.7,!=3.0.*,!=3.1.*,!=3.2.*,!=3.3.*"
version = "1.1.1"

[[package]]
category = "dev"
description = "MessagePack (de)serializer."
name = "msgpack"
optional = false
python-versions = "*"
version = "1.0.2"

[[package]]
category = "dev"
description = "Core utilities for Python packages"
name = "packaging"
optional = false
python-versions = ">=2.7, !=3.0.*, !=3.1.*, !=3.2.*, !=3.3.*"
version = "20.8"

[package.dependencies]
pyparsing = ">=2.0.2"

[[package]]
category = "dev"
description = "A Python Parser"
name = "parso"
optional = false
python-versions = ">=2.7, !=3.0.*, !=3.1.*, !=3.2.*, !=3.3.*"
version = "0.7.1"

[package.extras]
testing = ["docopt", "pytest (>=3.0.7)"]

[[package]]
category = "dev"
description = "plugin and hook calling mechanisms for python"
name = "pluggy"
optional = false
python-versions = ">=2.7, !=3.0.*, !=3.1.*, !=3.2.*, !=3.3.*"
version = "0.13.1"

[package.extras]
dev = ["pre-commit", "tox"]

[[package]]
category = "main"
description = "Library for building powerful interactive command lines in Python"
name = "prompt-toolkit"
optional = false
python-versions = ">=3.6.1"
version = "3.0.8"

[package.dependencies]
wcwidth = "*"

[[package]]
category = "dev"
description = "library with cross-python path, ini-parsing, io, code, log facilities"
name = "py"
optional = false
python-versions = ">=2.7, !=3.0.*, !=3.1.*, !=3.2.*, !=3.3.*"
version = "1.10.0"

[[package]]
category = "dev"
description = "Python client to neovim"
name = "pynvim"
optional = false
python-versions = "*"
version = "0.4.2"

[package.dependencies]
greenlet = "*"
msgpack = ">=0.5.0"

[package.extras]
pyuv = ["pyuv (>=1.0.0)"]
test = ["pytest (>=3.4.0)"]

[[package]]
category = "dev"
description = "Python parsing module"
name = "pyparsing"
optional = false
python-versions = ">=2.6, !=3.0.*, !=3.1.*, !=3.2.*"
version = "2.4.7"

[[package]]
category = "dev"
description = "pytest: simple powerful testing with Python"
name = "pytest"
optional = false
python-versions = ">=3.6"
version = "6.2.1"

[package.dependencies]
atomicwrites = ">=1.0"
attrs = ">=19.2.0"
colorama = "*"
iniconfig = "*"
packaging = "*"
pluggy = ">=0.12,<1.0.0a1"
py = ">=1.8.2"
toml = "*"

[package.extras]
testing = ["argcomplete", "hypothesis (>=3.56)", "mock", "nose", "requests", "xmlschema"]

[[package]]
category = "main"
description = "Add .env support to your django/flask apps in development and deployments"
name = "python-dotenv"
optional = false
python-versions = "*"
version = "0.14.0"

[package.extras]
cli = ["click (>=5.0)"]

[[package]]
category = "main"
description = "World timezone definitions, modern and historical"
name = "pytz"
optional = false
python-versions = "*"
version = "2020.5"

[[package]]
category = "main"
description = "Python client for Redis key-value store"
name = "redis"
optional = false
python-versions = ">=2.7, !=3.0.*, !=3.1.*, !=3.2.*, !=3.3.*, !=3.4.*"
version = "3.5.3"

[package.extras]
hiredis = ["hiredis (>=0.1.3)"]

[[package]]
category = "main"
description = "Python HTTP for Humans."
name = "requests"
optional = false
python-versions = ">=2.7, !=3.0.*, !=3.1.*, !=3.2.*, !=3.3.*, !=3.4.*"
version = "2.25.1"

[package.dependencies]
certifi = ">=2017.4.17"
chardet = ">=3.0.2,<5"
idna = ">=2.5,<3"
urllib3 = ">=1.21.1,<1.27"

[package.extras]
security = ["pyOpenSSL (>=0.14)", "cryptography (>=1.3.4)"]
socks = ["PySocks (>=1.5.6,<1.5.7 || >1.5.7)", "win-inet-pton"]

[[package]]
category = "main"
description = "Python 2 and 3 compatibility utilities"
name = "six"
optional = false
python-versions = ">=2.7, !=3.0.*, !=3.1.*, !=3.2.*"
version = "1.15.0"

[[package]]
category = "dev"
description = "Python Library for Tom's Obvious, Minimal Language"
name = "toml"
optional = false
python-versions = ">=2.6, !=3.0.*, !=3.1.*, !=3.2.*"
version = "0.10.2"

[[package]]
category = "main"
description = "HTTP library with thread-safe connection pooling, file post, and more."
name = "urllib3"
optional = false
python-versions = ">=2.7, !=3.0.*, !=3.1.*, !=3.2.*, !=3.3.*, !=3.4.*, <4"
version = "1.26.2"

[package.extras]
brotli = ["brotlipy (>=0.6.0)"]
secure = ["pyOpenSSL (>=0.14)", "cryptography (>=1.3.4)", "idna (>=2.0.0)", "certifi", "ipaddress"]
socks = ["PySocks (>=1.5.6,<1.5.7 || >1.5.7,<2.0)"]

[[package]]
category = "main"
description = "Promises, promises, promises."
name = "vine"
optional = false
python-versions = ">=3.6"
version = "5.0.0"

[[package]]
category = "main"
description = "Measures the displayed width of unicode strings in a terminal"
name = "wcwidth"
optional = false
python-versions = "*"
version = "0.2.5"

[[package]]
category = "main"
description = "The comprehensive WSGI web application library."
name = "werkzeug"
optional = false
python-versions = ">=2.7, !=3.0.*, !=3.1.*, !=3.2.*, !=3.3.*, !=3.4.*"
version = "1.0.1"

[package.extras]
dev = ["pytest", "pytest-timeout", "coverage", "tox", "sphinx", "pallets-sphinx-themes", "sphinx-issues"]
watchdog = ["watchdog"]

[metadata]
content-hash = "2901da04e1531e30a7d9a3f92309102aadd1632ff409aa9650b2f8a09de832cb"
lock-version = "1.0"
python-versions = "^3.8"

[metadata.files]
amqp = [
    {file = "amqp-5.0.2-py3-none-any.whl", hash = "sha256:5b9062d5c0812335c75434bf17ce33d7a20ecfedaa0733faec7379868eb4068a"},
    {file = "amqp-5.0.2.tar.gz", hash = "sha256:fcd5b3baeeb7fc19b3486ff6d10543099d40ae1f5c9196eae695d1cde1b2f784"},
]
atomicwrites = [
    {file = "atomicwrites-1.4.0-py2.py3-none-any.whl", hash = "sha256:6d1784dea7c0c8d4a5172b6c620f40b6e4cbfdf96d783691f2e1302a7b88e197"},
    {file = "atomicwrites-1.4.0.tar.gz", hash = "sha256:ae70396ad1a434f9c7046fd2dd196fc04b12f9e91ffb859164193be8b6168a7a"},
]
attrs = [
    {file = "attrs-20.3.0-py2.py3-none-any.whl", hash = "sha256:31b2eced602aa8423c2aea9c76a724617ed67cf9513173fd3a4f03e3a929c7e6"},
    {file = "attrs-20.3.0.tar.gz", hash = "sha256:832aa3cde19744e49938b91fea06d69ecb9e649c93ba974535d08ad92164f700"},
]
billiard = [
    {file = "billiard-3.6.3.0-py3-none-any.whl", hash = "sha256:bff575450859a6e0fbc2f9877d9b715b0bbc07c3565bb7ed2280526a0cdf5ede"},
    {file = "billiard-3.6.3.0.tar.gz", hash = "sha256:d91725ce6425f33a97dfa72fb6bfef0e47d4652acd98a032bd1a7fbf06d5fa6a"},
]
celery = [
    {file = "celery-5.0.5-py3-none-any.whl", hash = "sha256:5e8d364e058554e83bbb116e8377d90c79be254785f357cb2cec026e79febe13"},
    {file = "celery-5.0.5.tar.gz", hash = "sha256:f4efebe6f8629b0da2b8e529424de376494f5b7a743c321c8a2ddc2b1414921c"},
]
certifi = [
    {file = "certifi-2020.12.5-py2.py3-none-any.whl", hash = "sha256:719a74fb9e33b9bd44cc7f3a8d94bc35e4049deebe19ba7d8e108280cfd59830"},
    {file = "certifi-2020.12.5.tar.gz", hash = "sha256:1a4995114262bffbc2413b159f2a1a480c969de6e6eb13ee966d470af86af59c"},
]
chardet = [
    {file = "chardet-4.0.0-py2.py3-none-any.whl", hash = "sha256:f864054d66fd9118f2e67044ac8981a54775ec5b67aed0441892edb553d21da5"},
    {file = "chardet-4.0.0.tar.gz", hash = "sha256:0d6f53a15db4120f2b08c94f11e7d93d2c911ee118b6b30a04ec3ee8310179fa"},
]
click = [
    {file = "click-7.1.2-py2.py3-none-any.whl", hash = "sha256:dacca89f4bfadd5de3d7489b7c8a566eee0d3676333fbb50030263894c38c0dc"},
    {file = "click-7.1.2.tar.gz", hash = "sha256:d2b5255c7c6349bc1bd1e59e08cd12acbbd63ce649f2588755783aa94dfb6b1a"},
]
click-didyoumean = [
    {file = "click-didyoumean-0.0.3.tar.gz", hash = "sha256:112229485c9704ff51362fe34b2d4f0b12fc71cc20f6d2b3afabed4b8bfa6aeb"},
]
click-plugins = [
    {file = "click-plugins-1.1.1.tar.gz", hash = "sha256:46ab999744a9d831159c3411bb0c79346d94a444df9a3a3742e9ed63645f264b"},
    {file = "click_plugins-1.1.1-py2.py3-none-any.whl", hash = "sha256:5d262006d3222f5057fd81e1623d4443e41dcda5dc815c06b442aa3c02889fc8"},
]
click-repl = [
    {file = "click-repl-0.1.6.tar.gz", hash = "sha256:b9f29d52abc4d6059f8e276132a111ab8d94980afe6a5432b9d996544afa95d5"},
    {file = "click_repl-0.1.6-py3-none-any.whl", hash = "sha256:9c4c3d022789cae912aad8a3f5e1d7c2cdd016ee1225b5212ad3e8691563cda5"},
]
colorama = [
    {file = "colorama-0.4.4-py2.py3-none-any.whl", hash = "sha256:9f47eda37229f68eee03b24b9748937c7dc3868f906e8ba69fbcbdd3bc5dc3e2"},
    {file = "colorama-0.4.4.tar.gz", hash = "sha256:5941b2b48a20143d2267e95b1c2a7603ce057ee39fd88e7329b0c292aa16869b"},
]
flask = [
    {file = "Flask-1.1.2-py2.py3-none-any.whl", hash = "sha256:8a4fdd8936eba2512e9c85df320a37e694c93945b33ef33c89946a340a238557"},
    {file = "Flask-1.1.2.tar.gz", hash = "sha256:4efa1ae2d7c9865af48986de8aeb8504bf32c7f3d6fdc9353d34b21f4b127060"},
]
greenlet = [
    {file = "greenlet-0.4.17-cp27-cp27m-manylinux1_x86_64.whl", hash = "sha256:75e4c27188f28149b74e7685809f9227410fd15432a4438fc48627f518577fa5"},
    {file = "greenlet-0.4.17-cp27-cp27m-win32.whl", hash = "sha256:3af587e9813f9bd8be9212722321a5e7be23b2bc37e6323a90e592ab0c2ef117"},
    {file = "greenlet-0.4.17-cp27-cp27m-win_amd64.whl", hash = "sha256:ccd62f09f90b2730150d82f2f2ffc34d73c6ce7eac234aed04d15dc8a3023994"},
    {file = "greenlet-0.4.17-cp27-cp27mu-manylinux1_x86_64.whl", hash = "sha256:13037e2d7ab2145300676852fa069235512fdeba4ed1e3bb4b0677a04223c525"},
    {file = "greenlet-0.4.17-cp35-cp35m-manylinux1_x86_64.whl", hash = "sha256:e495096e3e2e8f7192afb6aaeba19babc4fb2bdf543d7b7fed59e00c1df7f170"},
    {file = "greenlet-0.4.17-cp35-cp35m-win32.whl", hash = "sha256:124a3ae41215f71dc91d1a3d45cbf2f84e46b543e5d60b99ecc20e24b4c8f272"},
    {file = "greenlet-0.4.17-cp35-cp35m-win_amd64.whl", hash = "sha256:5494e3baeacc371d988345fbf8aa4bd15555b3077c40afcf1994776bb6d77eaf"},
    {file = "greenlet-0.4.17-cp36-cp36m-manylinux1_x86_64.whl", hash = "sha256:bee111161420f341a346731279dd976be161b465c1286f82cc0779baf7b729e8"},
    {file = "greenlet-0.4.17-cp36-cp36m-win32.whl", hash = "sha256:ac85db59aa43d78547f95fc7b6fd2913e02b9e9b09e2490dfb7bbdf47b2a4914"},
    {file = "greenlet-0.4.17-cp36-cp36m-win_amd64.whl", hash = "sha256:4481002118b2f1588fa3d821936ffdc03db80ef21186b62b90c18db4ba5e743b"},
    {file = "greenlet-0.4.17-cp37-cp37m-manylinux1_x86_64.whl", hash = "sha256:be7a79988b8fdc5bbbeaed69e79cfb373da9759242f1565668be4fb7f3f37552"},
    {file = "greenlet-0.4.17-cp37-cp37m-win32.whl", hash = "sha256:97f2b01ab622a4aa4b3724a3e1fba66f47f054c434fbaa551833fa2b41e3db51"},
    {file = "greenlet-0.4.17-cp37-cp37m-win_amd64.whl", hash = "sha256:d3436110ca66fe3981031cc6aff8cc7a40d8411d173dde73ddaa5b8445385e2d"},
    {file = "greenlet-0.4.17-cp38-cp38-manylinux1_x86_64.whl", hash = "sha256:a34023b9eabb3525ee059f3bf33a417d2e437f7f17e341d334987d4091ae6072"},
    {file = "greenlet-0.4.17-cp38-cp38-win32.whl", hash = "sha256:e66a824f44892bc4ec66c58601a413419cafa9cec895e63d8da889c8a1a4fa4a"},
    {file = "greenlet-0.4.17-cp38-cp38-win_amd64.whl", hash = "sha256:47825c3a109f0331b1e54c1173d4e57fa000aa6c96756b62852bfa1af91cd652"},
    {file = "greenlet-0.4.17-cp39-cp39-manylinux1_x86_64.whl", hash = "sha256:1023d7b43ca11264ab7052cb09f5635d4afdb43df55e0854498fc63070a0b206"},
    {file = "greenlet-0.4.17.tar.gz", hash = "sha256:41d8835c69a78de718e466dd0e6bfd4b46125f21a67c3ff6d76d8d8059868d6b"},
]
idna = [
    {file = "idna-2.10-py2.py3-none-any.whl", hash = "sha256:b97d804b1e9b523befed77c48dacec60e6dcb0b5391d57af6a65a312a90648c0"},
    {file = "idna-2.10.tar.gz", hash = "sha256:b307872f855b18632ce0c21c5e45be78c0ea7ae4c15c828c20788b26921eb3f6"},
]
iniconfig = [
    {file = "iniconfig-1.1.1-py2.py3-none-any.whl", hash = "sha256:011e24c64b7f47f6ebd835bb12a743f2fbe9a26d4cecaa7f53bc4f35ee9da8b3"},
    {file = "iniconfig-1.1.1.tar.gz", hash = "sha256:bc3af051d7d14b2ee5ef9969666def0cd1a000e121eaea580d4a313df4b37f32"},
]
itsdangerous = [
    {file = "itsdangerous-1.1.0-py2.py3-none-any.whl", hash = "sha256:b12271b2047cb23eeb98c8b5622e2e5c5e9abd9784a153e9d8ef9cb4dd09d749"},
    {file = "itsdangerous-1.1.0.tar.gz", hash = "sha256:321b033d07f2a4136d3ec762eac9f16a10ccd60f53c0c91af90217ace7ba1f19"},
]
jedi = [
    {file = "jedi-0.17.2-py2.py3-none-any.whl", hash = "sha256:98cc583fa0f2f8304968199b01b6b4b94f469a1f4a74c1560506ca2a211378b5"},
    {file = "jedi-0.17.2.tar.gz", hash = "sha256:86ed7d9b750603e4ba582ea8edc678657fb4007894a12bcf6f4bb97892f31d20"},
]
jinja2 = [
    {file = "Jinja2-2.11.2-py2.py3-none-any.whl", hash = "sha256:f0a4641d3cf955324a89c04f3d94663aa4d638abe8f733ecd3582848e1c37035"},
    {file = "Jinja2-2.11.2.tar.gz", hash = "sha256:89aab215427ef59c34ad58735269eb58b1a5808103067f7bb9d5836c651b3bb0"},
]
kombu = [
    {file = "kombu-5.0.2-py2.py3-none-any.whl", hash = "sha256:6dc509178ac4269b0e66ab4881f70a2035c33d3a622e20585f965986a5182006"},
    {file = "kombu-5.0.2.tar.gz", hash = "sha256:f4965fba0a4718d47d470beeb5d6446e3357a62402b16c510b6a2f251e05ac3c"},
]
markupsafe = [
    {file = "MarkupSafe-1.1.1-cp27-cp27m-macosx_10_6_intel.whl", hash = "sha256:09027a7803a62ca78792ad89403b1b7a73a01c8cb65909cd876f7fcebd79b161"},
    {file = "MarkupSafe-1.1.1-cp27-cp27m-manylinux1_i686.whl", hash = "sha256:e249096428b3ae81b08327a63a485ad0878de3fb939049038579ac0ef61e17e7"},
    {file = "MarkupSafe-1.1.1-cp27-cp27m-manylinux1_x86_64.whl", hash = "sha256:500d4957e52ddc3351cabf489e79c91c17f6e0899158447047588650b5e69183"},
    {file = "MarkupSafe-1.1.1-cp27-cp27m-win32.whl", hash = "sha256:b2051432115498d3562c084a49bba65d97cf251f5a331c64a12ee7e04dacc51b"},
    {file = "MarkupSafe-1.1.1-cp27-cp27m-win_amd64.whl", hash = "sha256:98c7086708b163d425c67c7a91bad6e466bb99d797aa64f965e9d25c12111a5e"},
    {file = "MarkupSafe-1.1.1-cp27-cp27mu-manylinux1_i686.whl", hash = "sha256:cd5df75523866410809ca100dc9681e301e3c27567cf498077e8551b6d20e42f"},
    {file = "MarkupSafe-1.1.1-cp27-cp27mu-manylinux1_x86_64.whl", hash = "sha256:43a55c2930bbc139570ac2452adf3d70cdbb3cfe5912c71cdce1c2c6bbd9c5d1"},
    {file = "MarkupSafe-1.1.1-cp34-cp34m-macosx_10_6_intel.whl", hash = "sha256:1027c282dad077d0bae18be6794e6b6b8c91d58ed8a8d89a89d59693b9131db5"},
    {file = "MarkupSafe-1.1.1-cp34-cp34m-manylinux1_i686.whl", hash = "sha256:62fe6c95e3ec8a7fad637b7f3d372c15ec1caa01ab47926cfdf7a75b40e0eac1"},
    {file = "MarkupSafe-1.1.1-cp34-cp34m-manylinux1_x86_64.whl", hash = "sha256:88e5fcfb52ee7b911e8bb6d6aa2fd21fbecc674eadd44118a9cc3863f938e735"},
    {file = "MarkupSafe-1.1.1-cp34-cp34m-win32.whl", hash = "sha256:ade5e387d2ad0d7ebf59146cc00c8044acbd863725f887353a10df825fc8ae21"},
    {file = "MarkupSafe-1.1.1-cp34-cp34m-win_amd64.whl", hash = "sha256:09c4b7f37d6c648cb13f9230d847adf22f8171b1ccc4d5682398e77f40309235"},
    {file = "MarkupSafe-1.1.1-cp35-cp35m-macosx_10_6_intel.whl", hash = "sha256:79855e1c5b8da654cf486b830bd42c06e8780cea587384cf6545b7d9ac013a0b"},
    {file = "MarkupSafe-1.1.1-cp35-cp35m-manylinux1_i686.whl", hash = "sha256:c8716a48d94b06bb3b2524c2b77e055fb313aeb4ea620c8dd03a105574ba704f"},
    {file = "MarkupSafe-1.1.1-cp35-cp35m-manylinux1_x86_64.whl", hash = "sha256:7c1699dfe0cf8ff607dbdcc1e9b9af1755371f92a68f706051cc8c37d447c905"},
    {file = "MarkupSafe-1.1.1-cp35-cp35m-win32.whl", hash = "sha256:6dd73240d2af64df90aa7c4e7481e23825ea70af4b4922f8ede5b9e35f78a3b1"},
    {file = "MarkupSafe-1.1.1-cp35-cp35m-win_amd64.whl", hash = "sha256:9add70b36c5666a2ed02b43b335fe19002ee5235efd4b8a89bfcf9005bebac0d"},
    {file = "MarkupSafe-1.1.1-cp36-cp36m-macosx_10_6_intel.whl", hash = "sha256:24982cc2533820871eba85ba648cd53d8623687ff11cbb805be4ff7b4c971aff"},
    {file = "MarkupSafe-1.1.1-cp36-cp36m-manylinux1_i686.whl", hash = "sha256:00bc623926325b26bb9605ae9eae8a215691f33cae5df11ca5424f06f2d1f473"},
    {file = "MarkupSafe-1.1.1-cp36-cp36m-manylinux1_x86_64.whl", hash = "sha256:717ba8fe3ae9cc0006d7c451f0bb265ee07739daf76355d06366154ee68d221e"},
    {file = "MarkupSafe-1.1.1-cp36-cp36m-win32.whl", hash = "sha256:535f6fc4d397c1563d08b88e485c3496cf5784e927af890fb3c3aac7f933ec66"},
    {file = "MarkupSafe-1.1.1-cp36-cp36m-win_amd64.whl", hash = "sha256:b1282f8c00509d99fef04d8ba936b156d419be841854fe901d8ae224c59f0be5"},
    {file = "MarkupSafe-1.1.1-cp37-cp37m-macosx_10_6_intel.whl", hash = "sha256:8defac2f2ccd6805ebf65f5eeb132adcf2ab57aa11fdf4c0dd5169a004710e7d"},
    {file = "MarkupSafe-1.1.1-cp37-cp37m-manylinux1_i686.whl", hash = "sha256:46c99d2de99945ec5cb54f23c8cd5689f6d7177305ebff350a58ce5f8de1669e"},
    {file = "MarkupSafe-1.1.1-cp37-cp37m-manylinux1_x86_64.whl", hash = "sha256:ba59edeaa2fc6114428f1637ffff42da1e311e29382d81b339c1817d37ec93c6"},
    {file = "MarkupSafe-1.1.1-cp37-cp37m-win32.whl", hash = "sha256:b00c1de48212e4cc9603895652c5c410df699856a2853135b3967591e4beebc2"},
    {file = "MarkupSafe-1.1.1-cp37-cp37m-win_amd64.whl", hash = "sha256:9bf40443012702a1d2070043cb6291650a0841ece432556f784f004937f0f32c"},
    {file = "MarkupSafe-1.1.1-cp38-cp38-macosx_10_9_x86_64.whl", hash = "sha256:6788b695d50a51edb699cb55e35487e430fa21f1ed838122d722e0ff0ac5ba15"},
    {file = "MarkupSafe-1.1.1-cp38-cp38-manylinux1_i686.whl", hash = "sha256:cdb132fc825c38e1aeec2c8aa9338310d29d337bebbd7baa06889d09a60a1fa2"},
    {file = "MarkupSafe-1.1.1-cp38-cp38-manylinux1_x86_64.whl", hash = "sha256:13d3144e1e340870b25e7b10b98d779608c02016d5184cfb9927a9f10c689f42"},
    {file = "MarkupSafe-1.1.1-cp38-cp38-win32.whl", hash = "sha256:596510de112c685489095da617b5bcbbac7dd6384aeebeda4df6025d0256a81b"},
    {file = "MarkupSafe-1.1.1-cp38-cp38-win_amd64.whl", hash = "sha256:e8313f01ba26fbbe36c7be1966a7b7424942f670f38e666995b88d012765b9be"},
    {file = "MarkupSafe-1.1.1.tar.gz", hash = "sha256:29872e92839765e546828bb7754a68c418d927cd064fd4708fab9fe9c8bb116b"},
]
msgpack = [
    {file = "msgpack-1.0.2-cp35-cp35m-manylinux1_i686.whl", hash = "sha256:b6d9e2dae081aa35c44af9c4298de4ee72991305503442a5c74656d82b581fe9"},
    {file = "msgpack-1.0.2-cp35-cp35m-manylinux1_x86_64.whl", hash = "sha256:a99b144475230982aee16b3d249170f1cccebf27fb0a08e9f603b69637a62192"},
    {file = "msgpack-1.0.2-cp35-cp35m-manylinux2014_aarch64.whl", hash = "sha256:1026dcc10537d27dd2d26c327e552f05ce148977e9d7b9f1718748281b38c841"},
    {file = "msgpack-1.0.2-cp36-cp36m-macosx_10_14_x86_64.whl", hash = "sha256:fe07bc6735d08e492a327f496b7850e98cb4d112c56df69b0c844dbebcbb47f6"},
    {file = "msgpack-1.0.2-cp36-cp36m-manylinux1_i686.whl", hash = "sha256:9ea52fff0473f9f3000987f313310208c879493491ef3ccf66268eff8d5a0326"},
    {file = "msgpack-1.0.2-cp36-cp36m-manylinux1_x86_64.whl", hash = "sha256:26a1759f1a88df5f1d0b393eb582ec022326994e311ba9c5818adc5374736439"},
    {file = "msgpack-1.0.2-cp36-cp36m-manylinux2014_aarch64.whl", hash = "sha256:497d2c12426adcd27ab83144057a705efb6acc7e85957a51d43cdcf7f258900f"},
    {file = "msgpack-1.0.2-cp36-cp36m-win32.whl", hash = "sha256:e89ec55871ed5473a041c0495b7b4e6099f6263438e0bd04ccd8418f92d5d7f2"},
    {file = "msgpack-1.0.2-cp36-cp36m-win_amd64.whl", hash = "sha256:a4355d2193106c7aa77c98fc955252a737d8550320ecdb2e9ac701e15e2943bc"},
    {file = "msgpack-1.0.2-cp37-cp37m-macosx_10_14_x86_64.whl", hash = "sha256:d6c64601af8f3893d17ec233237030e3110f11b8a962cb66720bf70c0141aa54"},
    {file = "msgpack-1.0.2-cp37-cp37m-manylinux1_i686.whl", hash = "sha256:f484cd2dca68502de3704f056fa9b318c94b1539ed17a4c784266df5d6978c87"},
    {file = "msgpack-1.0.2-cp37-cp37m-manylinux1_x86_64.whl", hash = "sha256:f3e6aaf217ac1c7ce1563cf52a2f4f5d5b1f64e8729d794165db71da57257f0c"},
    {file = "msgpack-1.0.2-cp37-cp37m-manylinux2014_aarch64.whl", hash = "sha256:8521e5be9e3b93d4d5e07cb80b7e32353264d143c1f072309e1863174c6aadb1"},
    {file = "msgpack-1.0.2-cp37-cp37m-win32.whl", hash = "sha256:31c17bbf2ae5e29e48d794c693b7ca7a0c73bd4280976d408c53df421e838d2a"},
    {file = "msgpack-1.0.2-cp37-cp37m-win_amd64.whl", hash = "sha256:8ffb24a3b7518e843cd83538cf859e026d24ec41ac5721c18ed0c55101f9775b"},
    {file = "msgpack-1.0.2-cp38-cp38-macosx_10_14_x86_64.whl", hash = "sha256:b28c0876cce1466d7c2195d7658cf50e4730667196e2f1355c4209444717ee06"},
    {file = "msgpack-1.0.2-cp38-cp38-manylinux1_i686.whl", hash = "sha256:87869ba567fe371c4555d2e11e4948778ab6b59d6cc9d8460d543e4cfbbddd1c"},
    {file = "msgpack-1.0.2-cp38-cp38-manylinux1_x86_64.whl", hash = "sha256:b55f7db883530b74c857e50e149126b91bb75d35c08b28db12dcb0346f15e46e"},
    {file = "msgpack-1.0.2-cp38-cp38-manylinux2014_aarch64.whl", hash = "sha256:ac25f3e0513f6673e8b405c3a80500eb7be1cf8f57584be524c4fa78fe8e0c83"},
    {file = "msgpack-1.0.2-cp38-cp38-win32.whl", hash = "sha256:0cb94ee48675a45d3b86e61d13c1e6f1696f0183f0715544976356ff86f741d9"},
    {file = "msgpack-1.0.2-cp38-cp38-win_amd64.whl", hash = "sha256:e36a812ef4705a291cdb4a2fd352f013134f26c6ff63477f20235138d1d21009"},
    {file = "msgpack-1.0.2-cp39-cp39-macosx_10_14_x86_64.whl", hash = "sha256:2a5866bdc88d77f6e1370f82f2371c9bc6fc92fe898fa2dec0c5d4f5435a2694"},
    {file = "msgpack-1.0.2-cp39-cp39-manylinux1_i686.whl", hash = "sha256:92be4b12de4806d3c36810b0fe2aeedd8d493db39e2eb90742b9c09299eb5759"},
    {file = "msgpack-1.0.2-cp39-cp39-manylinux1_x86_64.whl", hash = "sha256:de6bd7990a2c2dabe926b7e62a92886ccbf809425c347ae7de277067f97c2887"},
    {file = "msgpack-1.0.2-cp39-cp39-manylinux2014_aarch64.whl", hash = "sha256:5a9ee2540c78659a1dd0b110f73773533ee3108d4e1219b5a15a8d635b7aca0e"},
    {file = "msgpack-1.0.2-cp39-cp39-win32.whl", hash = "sha256:c747c0cc08bd6d72a586310bda6ea72eeb28e7505990f342552315b229a19b33"},
    {file = "msgpack-1.0.2-cp39-cp39-win_amd64.whl", hash = "sha256:d8167b84af26654c1124857d71650404336f4eb5cc06900667a493fc619ddd9f"},
    {file = "msgpack-1.0.2.tar.gz", hash = "sha256:fae04496f5bc150eefad4e9571d1a76c55d021325dcd484ce45065ebbdd00984"},
]
packaging = [
    {file = "packaging-20.8-py2.py3-none-any.whl", hash = "sha256:24e0da08660a87484d1602c30bb4902d74816b6985b93de36926f5bc95741858"},
    {file = "packaging-20.8.tar.gz", hash = "sha256:78598185a7008a470d64526a8059de9aaa449238f280fc9eb6b13ba6c4109093"},
]
parso = [
    {file = "parso-0.7.1-py2.py3-none-any.whl", hash = "sha256:97218d9159b2520ff45eb78028ba8b50d2bc61dcc062a9682666f2dc4bd331ea"},
    {file = "parso-0.7.1.tar.gz", hash = "sha256:caba44724b994a8a5e086460bb212abc5a8bc46951bf4a9a1210745953622eb9"},
]
pluggy = [
    {file = "pluggy-0.13.1-py2.py3-none-any.whl", hash = "sha256:966c145cd83c96502c3c3868f50408687b38434af77734af1e9ca461a4081d2d"},
    {file = "pluggy-0.13.1.tar.gz", hash = "sha256:15b2acde666561e1298d71b523007ed7364de07029219b604cf808bfa1c765b0"},
]
prompt-toolkit = [
    {file = "prompt_toolkit-3.0.8-py3-none-any.whl", hash = "sha256:7debb9a521e0b1ee7d2fe96ee4bd60ef03c6492784de0547337ca4433e46aa63"},
    {file = "prompt_toolkit-3.0.8.tar.gz", hash = "sha256:25c95d2ac813909f813c93fde734b6e44406d1477a9faef7c915ff37d39c0a8c"},
]
py = [
    {file = "py-1.10.0-py2.py3-none-any.whl", hash = "sha256:3b80836aa6d1feeaa108e046da6423ab8f6ceda6468545ae8d02d9d58d18818a"},
    {file = "py-1.10.0.tar.gz", hash = "sha256:21b81bda15b66ef5e1a777a21c4dcd9c20ad3efd0b3f817e7a809035269e1bd3"},
]
pynvim = [
    {file = "pynvim-0.4.2.tar.gz", hash = "sha256:6bc6204d465de5888a0c5e3e783fe01988b032e22ae87875912280bef0e40f8f"},
]
pyparsing = [
    {file = "pyparsing-2.4.7-py2.py3-none-any.whl", hash = "sha256:ef9d7589ef3c200abe66653d3f1ab1033c3c419ae9b9bdb1240a85b024efc88b"},
    {file = "pyparsing-2.4.7.tar.gz", hash = "sha256:c203ec8783bf771a155b207279b9bccb8dea02d8f0c9e5f8ead507bc3246ecc1"},
]
pytest = [
    {file = "pytest-6.2.1-py3-none-any.whl", hash = "sha256:1969f797a1a0dbd8ccf0fecc80262312729afea9c17f1d70ebf85c5e76c6f7c8"},
    {file = "pytest-6.2.1.tar.gz", hash = "sha256:66e419b1899bc27346cb2c993e12c5e5e8daba9073c1fbce33b9807abc95c306"},
]
python-dotenv = [
    {file = "python-dotenv-0.14.0.tar.gz", hash = "sha256:8c10c99a1b25d9a68058a1ad6f90381a62ba68230ca93966882a4dbc3bc9c33d"},
    {file = "python_dotenv-0.14.0-py2.py3-none-any.whl", hash = "sha256:c10863aee750ad720f4f43436565e4c1698798d763b63234fb5021b6c616e423"},
]
pytz = [
    {file = "pytz-2020.5-py2.py3-none-any.whl", hash = "sha256:16962c5fb8db4a8f63a26646d8886e9d769b6c511543557bc84e9569fb9a9cb4"},
    {file = "pytz-2020.5.tar.gz", hash = "sha256:180befebb1927b16f6b57101720075a984c019ac16b1b7575673bea42c6c3da5"},
]
redis = [
    {file = "redis-3.5.3-py2.py3-none-any.whl", hash = "sha256:432b788c4530cfe16d8d943a09d40ca6c16149727e4afe8c2c9d5580c59d9f24"},
    {file = "redis-3.5.3.tar.gz", hash = "sha256:0e7e0cfca8660dea8b7d5cd8c4f6c5e29e11f31158c0b0ae91a397f00e5a05a2"},
]
requests = [
    {file = "requests-2.25.1-py2.py3-none-any.whl", hash = "sha256:c210084e36a42ae6b9219e00e48287def368a26d03a048ddad7bfee44f75871e"},
    {file = "requests-2.25.1.tar.gz", hash = "sha256:27973dd4a904a4f13b263a19c866c13b92a39ed1c964655f025f3f8d3d75b804"},
]
six = [
    {file = "six-1.15.0-py2.py3-none-any.whl", hash = "sha256:8b74bedcbbbaca38ff6d7491d76f2b06b3592611af620f8426e82dddb04a5ced"},
    {file = "six-1.15.0.tar.gz", hash = "sha256:30639c035cdb23534cd4aa2dd52c3bf48f06e5f4a941509c8bafd8ce11080259"},
]
toml = [
    {file = "toml-0.10.2-py2.py3-none-any.whl", hash = "sha256:806143ae5bfb6a3c6e736a764057db0e6a0e05e338b5630894a5f779cabb4f9b"},
    {file = "toml-0.10.2.tar.gz", hash = "sha256:b3bda1d108d5dd99f4a20d24d9c348e91c4db7ab1b749200bded2f839ccbe68f"},
]
urllib3 = [
    {file = "urllib3-1.26.2-py2.py3-none-any.whl", hash = "sha256:d8ff90d979214d7b4f8ce956e80f4028fc6860e4431f731ea4a8c08f23f99473"},
    {file = "urllib3-1.26.2.tar.gz", hash = "sha256:19188f96923873c92ccb987120ec4acaa12f0461fa9ce5d3d0772bc965a39e08"},
]
vine = [
    {file = "vine-5.0.0-py2.py3-none-any.whl", hash = "sha256:4c9dceab6f76ed92105027c49c823800dd33cacce13bdedc5b914e3514b7fb30"},
    {file = "vine-5.0.0.tar.gz", hash = "sha256:7d3b1624a953da82ef63462013bbd271d3eb75751489f9807598e8f340bd637e"},
]
wcwidth = [
    {file = "wcwidth-0.2.5-py2.py3-none-any.whl", hash = "sha256:beb4802a9cebb9144e99086eff703a642a13d6a0052920003a230f3294bbe784"},
    {file = "wcwidth-0.2.5.tar.gz", hash = "sha256:c4d647b99872929fdb7bdcaa4fbe7f01413ed3d98077df798530e5b04f116c83"},
]
werkzeug = [
    {file = "Werkzeug-1.0.1-py2.py3-none-any.whl", hash = "sha256:2de2a5db0baeae7b2d2664949077c2ac63fbd16d98da0ff71837f7d1dea3fd43"},
    {file = "Werkzeug-1.0.1.tar.gz", hash = "sha256:6c80b1e5ad3665290ea39320b91e1be1e0d5f60652b964a3070216de83d2e47c"},
]
